
Microsoft Visual Studio Solution File, Format Version 12.00
# Visual Studio Version 17
VisualStudioVersion = 17.9.34622.214
MinimumVisualStudioVersion = 10.0.40219.1
Project("{FAE04EC0-301F-11D3-BF4B-00C04F79EFBC}") = "Forloop", "Forloop\Forloop.csproj", "{ABBB84CB-785C-4715-882F-B490CC0D642A}"
EndProject
Global
	GlobalSection(SolutionConfigurationPlatforms) = preSolution
		Debug|Any CPU = Debug|Any CPU
		Release|Any CPU = Release|Any CPU
	EndGlobalSection
	GlobalSection(ProjectConfigurationPlatforms) = postSolution
		{ABBB84CB-785C-4715-882F-B490CC0D642A}.Debug|Any CPU.ActiveCfg = Debug|Any CPU
		{ABBB84CB-785C-4715-882F-B490CC0D642A}.Debug|Any CPU.Build.0 = Debug|Any CPU
		{ABBB84CB-785C-4715-882F-B490CC0D642A}.Release|Any CPU.ActiveCfg = Release|Any CPU
		{ABBB84CB-785C-4715-882F-B490CC0D642A}.Release|Any CPU.Build.0 = Release|Any CPU
	EndGlobalSection
	GlobalSection(SolutionProperties) = preSolution
		HideSolutionNode = FALSE
	EndGlobalSection
	GlobalSection(ExtensibilityGlobals) = postSolution
		SolutionGuid = {8588C4E3-8EFB-461E-BDF5-BBE71E854A95}
	EndGlobalSection
EndGlobal
